// !$*UTF8*$!
{
	archiveVersion = 1;
	classes = {
	};
	objectVersion = 46;
	objects = {

/* Begin PBXBuildFile section */
		B7D5D1F51E35DD4000B7A6BF /* SmileLock_ExampleTests.swift in Sources */ = {isa = PBXBuildFile; fileRef = B7D5D1F41E35DD4000B7A6BF /* SmileLock_ExampleTests.swift */; };
		B7D5D2001E35DD4000B7A6BF /* SmileLock_ExampleUITests.swift in Sources */ = {isa = PBXBuildFile; fileRef = B7D5D1FF1E35DD4000B7A6BF /* SmileLock_ExampleUITests.swift */; };
		B7D5D2181E35DD8000B7A6BF /* AppDelegate.swift in Sources */ = {isa = PBXBuildFile; fileRef = B7D5D20D1E35DD8000B7A6BF /* AppDelegate.swift */; };
		B7D5D2191E35DD8000B7A6BF /* Assets.xcassets in Resources */ = {isa = PBXBuildFile; fileRef = B7D5D20E1E35DD8000B7A6BF /* Assets.xcassets */; };
		B7D5D21B1E35DD8000B7A6BF /* BlurPasswordLoginViewController.swift in Sources */ = {isa = PBXBuildFile; fileRef = B7D5D2121E35DD8000B7A6BF /* BlurPasswordLoginViewController.swift */; };
		B7D5D21C1E35DD8000B7A6BF /* extension.swift in Sources */ = {isa = PBXBuildFile; fileRef = B7D5D2131E35DD8000B7A6BF /* extension.swift */; };
		B7D5D21D1E35DD8000B7A6BF /* HomeViewController.swift in Sources */ = {isa = PBXBuildFile; fileRef = B7D5D2141E35DD8000B7A6BF /* HomeViewController.swift */; };
		B7D5D21E1E35DD8000B7A6BF /* MyPasswordUIValidation.swift in Sources */ = {isa = PBXBuildFile; fileRef = B7D5D2151E35DD8000B7A6BF /* MyPasswordUIValidation.swift */; };
		B7D5D21F1E35DD8000B7A6BF /* PasswordLogin.storyboard in Resources */ = {isa = PBXBuildFile; fileRef = B7D5D2161E35DD8000B7A6BF /* PasswordLogin.storyboard */; };
		B7D5D2201E35DD8000B7A6BF /* PasswordLoginViewController.swift in Sources */ = {isa = PBXBuildFile; fileRef = B7D5D2171E35DD8000B7A6BF /* PasswordLoginViewController.swift */; };
		B7D5D2231E35DDA400B7A6BF /* LaunchScreen.storyboard in Resources */ = {isa = PBXBuildFile; fileRef = B7D5D2211E35DDA400B7A6BF /* LaunchScreen.storyboard */; };
		B7D5D2261E35E1DF00B7A6BF /* SmileLock.framework in Frameworks */ = {isa = PBXBuildFile; fileRef = B7D5D2251E35E1DF00B7A6BF /* SmileLock.framework */; };
/* End PBXBuildFile section */

/* Begin PBXContainerItemProxy section */
		B7D5D1F11E35DD4000B7A6BF /* PBXContainerItemProxy */ = {
			isa = PBXContainerItemProxy;
			containerPortal = B7D5D1D41E35DD4000B7A6BF /* Project object */;
			proxyType = 1;
			remoteGlobalIDString = B7D5D1DB1E35DD4000B7A6BF;
			remoteInfo = "SmileLock-Example";
		};
		B7D5D1FC1E35DD4000B7A6BF /* PBXContainerItemProxy */ = {
			isa = PBXContainerItemProxy;
			containerPortal = B7D5D1D41E35DD4000B7A6BF /* Project object */;
			proxyType = 1;
			remoteGlobalIDString = B7D5D1DB1E35DD4000B7A6BF;
			remoteInfo = "SmileLock-Example";
		};
/* End PBXContainerItemProxy section */

/* Begin PBXFileReference section */
		B7D5D1DC1E35DD4000B7A6BF /* SmileLock-Example.app */ = {isa = PBXFileReference; explicitFileType = wrapper.application; includeInIndex = 0; path = "SmileLock-Example.app"; sourceTree = BUILT_PRODUCTS_DIR; };
		B7D5D1EB1E35DD4000B7A6BF /* Info.plist */ = {isa = PBXFileReference; lastKnownFileType = text.plist.xml; path = Info.plist; sourceTree = "<group>"; };
		B7D5D1F01E35DD4000B7A6BF /* SmileLock-ExampleTests.xctest */ = {isa = PBXFileReference; explicitFileType = wrapper.cfbundle; includeInIndex = 0; path = "SmileLock-ExampleTests.xctest"; sourceTree = BUILT_PRODUCTS_DIR; };
		B7D5D1F41E35DD4000B7A6BF /* SmileLock_ExampleTests.swift */ = {isa = PBXFileReference; lastKnownFileType = sourcecode.swift; path = SmileLock_ExampleTests.swift; sourceTree = "<group>"; };
		B7D5D1F61E35DD4000B7A6BF /* Info.plist */ = {isa = PBXFileReference; lastKnownFileType = text.plist.xml; path = Info.plist; sourceTree = "<group>"; };
		B7D5D1FB1E35DD4000B7A6BF /* SmileLock-ExampleUITests.xctest */ = {isa = PBXFileReference; explicitFileType = wrapper.cfbundle; includeInIndex = 0; path = "SmileLock-ExampleUITests.xctest"; sourceTree = BUILT_PRODUCTS_DIR; };
		B7D5D1FF1E35DD4000B7A6BF /* SmileLock_ExampleUITests.swift */ = {isa = PBXFileReference; lastKnownFileType = sourcecode.swift; path = SmileLock_ExampleUITests.swift; sourceTree = "<group>"; };
		B7D5D2011E35DD4000B7A6BF /* Info.plist */ = {isa = PBXFileReference; lastKnownFileType = text.plist.xml; path = Info.plist; sourceTree = "<group>"; };
		B7D5D20D1E35DD8000B7A6BF /* AppDelegate.swift */ = {isa = PBXFileReference; fileEncoding = 4; lastKnownFileType = sourcecode.swift; path = AppDelegate.swift; sourceTree = "<group>"; };
		B7D5D20E1E35DD8000B7A6BF /* Assets.xcassets */ = {isa = PBXFileReference; lastKnownFileType = folder.assetcatalog; path = Assets.xcassets; sourceTree = "<group>"; };
		B7D5D2121E35DD8000B7A6BF /* BlurPasswordLoginViewController.swift */ = {isa = PBXFileReference; fileEncoding = 4; lastKnownFileType = sourcecode.swift; path = BlurPasswordLoginViewController.swift; sourceTree = "<group>"; };
		B7D5D2131E35DD8000B7A6BF /* extension.swift */ = {isa = PBXFileReference; fileEncoding = 4; lastKnownFileType = sourcecode.swift; path = extension.swift; sourceTree = "<group>"; };
		B7D5D2141E35DD8000B7A6BF /* HomeViewController.swift */ = {isa = PBXFileReference; fileEncoding = 4; lastKnownFileType = sourcecode.swift; path = HomeViewController.swift; sourceTree = "<group>"; };
		B7D5D2151E35DD8000B7A6BF /* MyPasswordUIValidation.swift */ = {isa = PBXFileReference; fileEncoding = 4; lastKnownFileType = sourcecode.swift; path = MyPasswordUIValidation.swift; sourceTree = "<group>"; };
		B7D5D2161E35DD8000B7A6BF /* PasswordLogin.storyboard */ = {isa = PBXFileReference; fileEncoding = 4; lastKnownFileType = file.storyboard; path = PasswordLogin.storyboard; sourceTree = "<group>"; };
		B7D5D2171E35DD8000B7A6BF /* PasswordLoginViewController.swift */ = {isa = PBXFileReference; fileEncoding = 4; lastKnownFileType = sourcecode.swift; path = PasswordLoginViewController.swift; sourceTree = "<group>"; };
		B7D5D2221E35DDA400B7A6BF /* Base */ = {isa = PBXFileReference; lastKnownFileType = file.storyboard; name = Base; path = Base.lproj/LaunchScreen.storyboard; sourceTree = "<group>"; };
		B7D5D2251E35E1DF00B7A6BF /* SmileLock.framework */ = {isa = PBXFileReference; lastKnownFileType = wrapper.framework; name = SmileLock.framework; path = "../../../Library/Developer/Xcode/DerivedData/SmileLock-ajzpnxfkdodllockkvedjjxpuxiv/Build/Products/Debug-iphonesimulator/SmileLock.framework"; sourceTree = "<group>"; };
/* End PBXFileReference section */

/* Begin PBXFrameworksBuildPhase section */
		B7D5D1D91E35DD4000B7A6BF /* Frameworks */ = {
			isa = PBXFrameworksBuildPhase;
			buildActionMask = 2147483647;
			files = (
				B7D5D2261E35E1DF00B7A6BF /* SmileLock.framework in Frameworks */,
			);
			runOnlyForDeploymentPostprocessing = 0;
		};
		B7D5D1ED1E35DD4000B7A6BF /* Frameworks */ = {
			isa = PBXFrameworksBuildPhase;
			buildActionMask = 2147483647;
			files = (
			);
			runOnlyForDeploymentPostprocessing = 0;
		};
		B7D5D1F81E35DD4000B7A6BF /* Frameworks */ = {
			isa = PBXFrameworksBuildPhase;
			buildActionMask = 2147483647;
			files = (
			);
			runOnlyForDeploymentPostprocessing = 0;
		};
/* End PBXFrameworksBuildPhase section */

/* Begin PBXGroup section */
		B7D5D1D31E35DD4000B7A6BF = {
			isa = PBXGroup;
			children = (
				B7D5D1DE1E35DD4000B7A6BF /* SmileLock-Example */,
				B7D5D1F31E35DD4000B7A6BF /* SmileLock-ExampleTests */,
				B7D5D1FE1E35DD4000B7A6BF /* SmileLock-ExampleUITests */,
				B7D5D1DD1E35DD4000B7A6BF /* Products */,
				B7D5D2241E35E1DF00B7A6BF /* Frameworks */,
			);
			sourceTree = "<group>";
		};
		B7D5D1DD1E35DD4000B7A6BF /* Products */ = {
			isa = PBXGroup;
			children = (
				B7D5D1DC1E35DD4000B7A6BF /* SmileLock-Example.app */,
				B7D5D1F01E35DD4000B7A6BF /* SmileLock-ExampleTests.xctest */,
				B7D5D1FB1E35DD4000B7A6BF /* SmileLock-ExampleUITests.xctest */,
			);
			name = Products;
			sourceTree = "<group>";
		};
		B7D5D1DE1E35DD4000B7A6BF /* SmileLock-Example */ = {
			isa = PBXGroup;
			children = (
				B7D5D2211E35DDA400B7A6BF /* LaunchScreen.storyboard */,
				B7D5D2161E35DD8000B7A6BF /* PasswordLogin.storyboard */,
				B7D5D20E1E35DD8000B7A6BF /* Assets.xcassets */,
				B7D5D20D1E35DD8000B7A6BF /* AppDelegate.swift */,
				B7D5D2141E35DD8000B7A6BF /* HomeViewController.swift */,
				B7D5D2171E35DD8000B7A6BF /* PasswordLoginViewController.swift */,
				B7D5D2121E35DD8000B7A6BF /* BlurPasswordLoginViewController.swift */,
				B7D5D2151E35DD8000B7A6BF /* MyPasswordUIValidation.swift */,
				B7D5D2131E35DD8000B7A6BF /* extension.swift */,
				B7D5D1EB1E35DD4000B7A6BF /* Info.plist */,
			);
			path = "SmileLock-Example";
			sourceTree = "<group>";
		};
		B7D5D1F31E35DD4000B7A6BF /* SmileLock-ExampleTests */ = {
			isa = PBXGroup;
			children = (
				B7D5D1F41E35DD4000B7A6BF /* SmileLock_ExampleTests.swift */,
				B7D5D1F61E35DD4000B7A6BF /* Info.plist */,
			);
			path = "SmileLock-ExampleTests";
			sourceTree = "<group>";
		};
		B7D5D1FE1E35DD4000B7A6BF /* SmileLock-ExampleUITests */ = {
			isa = PBXGroup;
			children = (
				B7D5D1FF1E35DD4000B7A6BF /* SmileLock_ExampleUITests.swift */,
				B7D5D2011E35DD4000B7A6BF /* Info.plist */,
			);
			path = "SmileLock-ExampleUITests";
			sourceTree = "<group>";
		};
		B7D5D2241E35E1DF00B7A6BF /* Frameworks */ = {
			isa = PBXGroup;
			children = (
				B7D5D2251E35E1DF00B7A6BF /* SmileLock.framework */,
			);
			name = Frameworks;
			sourceTree = "<group>";
		};
/* End PBXGroup section */

/* Begin PBXNativeTarget section */
		B7D5D1DB1E35DD4000B7A6BF /* SmileLock-Example */ = {
			isa = PBXNativeTarget;
			buildConfigurationList = B7D5D2041E35DD4000B7A6BF /* Build configuration list for PBXNativeTarget "SmileLock-Example" */;
			buildPhases = (
				B7D5D1D81E35DD4000B7A6BF /* Sources */,
				B7D5D1D91E35DD4000B7A6BF /* Frameworks */,
				B7D5D1DA1E35DD4000B7A6BF /* Resources */,
			);
			buildRules = (
			);
			dependencies = (
			);
			name = "SmileLock-Example";
			productName = "SmileLock-Example";
			productReference = B7D5D1DC1E35DD4000B7A6BF /* SmileLock-Example.app */;
			productType = "com.apple.product-type.application";
		};
		B7D5D1EF1E35DD4000B7A6BF /* SmileLock-ExampleTests */ = {
			isa = PBXNativeTarget;
			buildConfigurationList = B7D5D2071E35DD4000B7A6BF /* Build configuration list for PBXNativeTarget "SmileLock-ExampleTests" */;
			buildPhases = (
				B7D5D1EC1E35DD4000B7A6BF /* Sources */,
				B7D5D1ED1E35DD4000B7A6BF /* Frameworks */,
				B7D5D1EE1E35DD4000B7A6BF /* Resources */,
			);
			buildRules = (
			);
			dependencies = (
				B7D5D1F21E35DD4000B7A6BF /* PBXTargetDependency */,
			);
			name = "SmileLock-ExampleTests";
			productName = "SmileLock-ExampleTests";
			productReference = B7D5D1F01E35DD4000B7A6BF /* SmileLock-ExampleTests.xctest */;
			productType = "com.apple.product-type.bundle.unit-test";
		};
		B7D5D1FA1E35DD4000B7A6BF /* SmileLock-ExampleUITests */ = {
			isa = PBXNativeTarget;
			buildConfigurationList = B7D5D20A1E35DD4000B7A6BF /* Build configuration list for PBXNativeTarget "SmileLock-ExampleUITests" */;
			buildPhases = (
				B7D5D1F71E35DD4000B7A6BF /* Sources */,
				B7D5D1F81E35DD4000B7A6BF /* Frameworks */,
				B7D5D1F91E35DD4000B7A6BF /* Resources */,
			);
			buildRules = (
			);
			dependencies = (
				B7D5D1FD1E35DD4000B7A6BF /* PBXTargetDependency */,
			);
			name = "SmileLock-ExampleUITests";
			productName = "SmileLock-ExampleUITests";
			productReference = B7D5D1FB1E35DD4000B7A6BF /* SmileLock-ExampleUITests.xctest */;
			productType = "com.apple.product-type.bundle.ui-testing";
		};
/* End PBXNativeTarget section */

/* Begin PBXProject section */
		B7D5D1D41E35DD4000B7A6BF /* Project object */ = {
			isa = PBXProject;
			attributes = {
				LastSwiftUpdateCheck = 0820;
				LastUpgradeCheck = 0820;
				ORGANIZATIONNAME = "RECRUIT LIFESTYLE CO., LTD.";
				TargetAttributes = {
					B7D5D1DB1E35DD4000B7A6BF = {
						CreatedOnToolsVersion = 8.2;
						LastSwiftMigration = 0820;
						ProvisioningStyle = Automatic;
					};
					B7D5D1EF1E35DD4000B7A6BF = {
						CreatedOnToolsVersion = 8.2;
						ProvisioningStyle = Automatic;
						TestTargetID = B7D5D1DB1E35DD4000B7A6BF;
					};
					B7D5D1FA1E35DD4000B7A6BF = {
						CreatedOnToolsVersion = 8.2;
						ProvisioningStyle = Automatic;
						TestTargetID = B7D5D1DB1E35DD4000B7A6BF;
					};
				};
			};
			buildConfigurationList = B7D5D1D71E35DD4000B7A6BF /* Build configuration list for PBXProject "SmileLock-Example" */;
			compatibilityVersion = "Xcode 3.2";
			developmentRegion = English;
			hasScannedForEncodings = 0;
			knownRegions = (
				en,
				Base,
			);
			mainGroup = B7D5D1D31E35DD4000B7A6BF;
			productRefGroup = B7D5D1DD1E35DD4000B7A6BF /* Products */;
			projectDirPath = "";
			projectRoot = "";
			targets = (
				B7D5D1DB1E35DD4000B7A6BF /* SmileLock-Example */,
				B7D5D1EF1E35DD4000B7A6BF /* SmileLock-ExampleTests */,
				B7D5D1FA1E35DD4000B7A6BF /* SmileLock-ExampleUITests */,
			);
		};
/* End PBXProject section */

/* Begin PBXResourcesBuildPhase section */
		B7D5D1DA1E35DD4000B7A6BF /* Resources */ = {
			isa = PBXResourcesBuildPhase;
			buildActionMask = 2147483647;
			files = (
				B7D5D2231E35DDA400B7A6BF /* LaunchScreen.storyboard in Resources */,
				B7D5D2191E35DD8000B7A6BF /* Assets.xcassets in Resources */,
				B7D5D21F1E35DD8000B7A6BF /* PasswordLogin.storyboard in Resources */,
			);
			runOnlyForDeploymentPostprocessing = 0;
		};
		B7D5D1EE1E35DD4000B7A6BF /* Resources */ = {
			isa = PBXResourcesBuildPhase;
			buildActionMask = 2147483647;
			files = (
			);
			runOnlyForDeploymentPostprocessing = 0;
		};
		B7D5D1F91E35DD4000B7A6BF /* Resources */ = {
			isa = PBXResourcesBuildPhase;
			buildActionMask = 2147483647;
			files = (
			);
			runOnlyForDeploymentPostprocessing = 0;
		};
/* End PBXResourcesBuildPhase section */

/* Begin PBXSourcesBuildPhase section */
		B7D5D1D81E35DD4000B7A6BF /* Sources */ = {
			isa = PBXSourcesBuildPhase;
			buildActionMask = 2147483647;
			files = (
				B7D5D21C1E35DD8000B7A6BF /* extension.swift in Sources */,
				B7D5D21B1E35DD8000B7A6BF /* BlurPasswordLoginViewController.swift in Sources */,
				B7D5D2181E35DD8000B7A6BF /* AppDelegate.swift in Sources */,
				B7D5D2201E35DD8000B7A6BF /* PasswordLoginViewController.swift in Sources */,
				B7D5D21D1E35DD8000B7A6BF /* HomeViewController.swift in Sources */,
				B7D5D21E1E35DD8000B7A6BF /* MyPasswordUIValidation.swift in Sources */,
			);
			runOnlyForDeploymentPostprocessing = 0;
		};
		B7D5D1EC1E35DD4000B7A6BF /* Sources */ = {
			isa = PBXSourcesBuildPhase;
			buildActionMask = 2147483647;
			files = (
				B7D5D1F51E35DD4000B7A6BF /* SmileLock_ExampleTests.swift in Sources */,
			);
			runOnlyForDeploymentPostprocessing = 0;
		};
		B7D5D1F71E35DD4000B7A6BF /* Sources */ = {
			isa = PBXSourcesBuildPhase;
			buildActionMask = 2147483647;
			files = (
				B7D5D2001E35DD4000B7A6BF /* SmileLock_ExampleUITests.swift in Sources */,
			);
			runOnlyForDeploymentPostprocessing = 0;
		};
/* End PBXSourcesBuildPhase section */

/* Begin PBXTargetDependency section */
		B7D5D1F21E35DD4000B7A6BF /* PBXTargetDependency */ = {
			isa = PBXTargetDependency;
			target = B7D5D1DB1E35DD4000B7A6BF /* SmileLock-Example */;
			targetProxy = B7D5D1F11E35DD4000B7A6BF /* PBXContainerItemProxy */;
		};
		B7D5D1FD1E35DD4000B7A6BF /* PBXTargetDependency */ = {
			isa = PBXTargetDependency;
			target = B7D5D1DB1E35DD4000B7A6BF /* SmileLock-Example */;
			targetProxy = B7D5D1FC1E35DD4000B7A6BF /* PBXContainerItemProxy */;
		};
/* End PBXTargetDependency section */

/* Begin PBXVariantGroup section */
		B7D5D2211E35DDA400B7A6BF /* LaunchScreen.storyboard */ = {
			isa = PBXVariantGroup;
			children = (
				B7D5D2221E35DDA400B7A6BF /* Base */,
			);
			name = LaunchScreen.storyboard;
			sourceTree = "<group>";
		};
/* End PBXVariantGroup section */

/* Begin XCBuildConfiguration section */
		B7D5D2021E35DD4000B7A6BF /* Debug */ = {
			isa = XCBuildConfiguration;
			buildSettings = {
				ALWAYS_SEARCH_USER_PATHS = NO;
				CLANG_ANALYZER_NONNULL = YES;
				CLANG_CXX_LANGUAGE_STANDARD = "gnu++0x";
				CLANG_CXX_LIBRARY = "libc++";
				CLANG_ENABLE_MODULES = YES;
				CLANG_ENABLE_OBJC_ARC = YES;
				CLANG_WARN_BOOL_CONVERSION = YES;
				CLANG_WARN_CONSTANT_CONVERSION = YES;
				CLANG_WARN_DIRECT_OBJC_ISA_USAGE = YES_ERROR;
				CLANG_WARN_DOCUMENTATION_COMMENTS = YES;
				CLANG_WARN_EMPTY_BODY = YES;
				CLANG_WARN_ENUM_CONVERSION = YES;
				CLANG_WARN_INFINITE_RECURSION = YES;
				CLANG_WARN_INT_CONVERSION = YES;
				CLANG_WARN_OBJC_ROOT_CLASS = YES_ERROR;
				CLANG_WARN_SUSPICIOUS_MOVE = YES;
				CLANG_WARN_UNREACHABLE_CODE = YES;
				CLANG_WARN__DUPLICATE_METHOD_MATCH = YES;
				"CODE_SIGN_IDENTITY[sdk=iphoneos*]" = "iPhone Developer";
				COPY_PHASE_STRIP = NO;
				DEBUG_INFORMATION_FORMAT = dwarf;
				ENABLE_STRICT_OBJC_MSGSEND = YES;
				ENABLE_TESTABILITY = YES;
				GCC_C_LANGUAGE_STANDARD = gnu99;
				GCC_DYNAMIC_NO_PIC = NO;
				GCC_NO_COMMON_BLOCKS = YES;
				GCC_OPTIMIZATION_LEVEL = 0;
				GCC_PREPROCESSOR_DEFINITIONS = (
					"DEBUG=1",
					"$(inherited)",
				);
				GCC_WARN_64_TO_32_BIT_CONVERSION = YES;
				GCC_WARN_ABOUT_RETURN_TYPE = YES_ERROR;
				GCC_WARN_UNDECLARED_SELECTOR = YES;
				GCC_WARN_UNINITIALIZED_AUTOS = YES_AGGRESSIVE;
				GCC_WARN_UNUSED_FUNCTION = YES;
				GCC_WARN_UNUSED_VARIABLE = YES;
				IPHONEOS_DEPLOYMENT_TARGET = 10.2;
				MTL_ENABLE_DEBUG_INFO = YES;
				ONLY_ACTIVE_ARCH = YES;
				SDKROOT = iphoneos;
				SWIFT_ACTIVE_COMPILATION_CONDITIONS = DEBUG;
				SWIFT_OPTIMIZATION_LEVEL = "-Onone";
				TARGETED_DEVICE_FAMILY = "1,2";
			};
			name = Debug;
		};
		B7D5D2031E35DD4000B7A6BF /* Release */ = {
			isa = XCBuildConfiguration;
			buildSettings = {
				ALWAYS_SEARCH_USER_PATHS = NO;
				CLANG_ANALYZER_NONNULL = YES;
				CLANG_CXX_LANGUAGE_STANDARD = "gnu++0x";
				CLANG_CXX_LIBRARY = "libc++";
				CLANG_ENABLE_MODULES = YES;
				CLANG_ENABLE_OBJC_ARC = YES;
				CLANG_WARN_BOOL_CONVERSION = YES;
				CLANG_WARN_CONSTANT_CONVERSION = YES;
				CLANG_WARN_DIRECT_OBJC_ISA_USAGE = YES_ERROR;
				CLANG_WARN_DOCUMENTATION_COMMENTS = YES;
				CLANG_WARN_EMPTY_BODY = YES;
				CLANG_WARN_ENUM_CONVERSION = YES;
				CLANG_WARN_INFINITE_RECURSION = YES;
				CLANG_WARN_INT_CONVERSION = YES;
				CLANG_WARN_OBJC_ROOT_CLASS = YES_ERROR;
				CLANG_WARN_SUSPICIOUS_MOVE = YES;
				CLANG_WARN_UNREACHABLE_CODE = YES;
				CLANG_WARN__DUPLICATE_METHOD_MATCH = YES;
				"CODE_SIGN_IDENTITY[sdk=iphoneos*]" = "iPhone Developer";
				COPY_PHASE_STRIP = NO;
				DEBUG_INFORMATION_FORMAT = "dwarf-with-dsym";
				ENABLE_NS_ASSERTIONS = NO;
				ENABLE_STRICT_OBJC_MSGSEND = YES;
				GCC_C_LANGUAGE_STANDARD = gnu99;
				GCC_NO_COMMON_BLOCKS = YES;
				GCC_WARN_64_TO_32_BIT_CONVERSION = YES;
				GCC_WARN_ABOUT_RETURN_TYPE = YES_ERROR;
				GCC_WARN_UNDECLARED_SELECTOR = YES;
				GCC_WARN_UNINITIALIZED_AUTOS = YES_AGGRESSIVE;
				GCC_WARN_UNUSED_FUNCTION = YES;
				GCC_WARN_UNUSED_VARIABLE = YES;
				IPHONEOS_DEPLOYMENT_TARGET = 10.2;
				MTL_ENABLE_DEBUG_INFO = NO;
				SDKROOT = iphoneos;
				SWIFT_OPTIMIZATION_LEVEL = "-Owholemodule";
				TARGETED_DEVICE_FAMILY = "1,2";
				VALIDATE_PRODUCT = YES;
			};
			name = Release;
		};
		B7D5D2051E35DD4000B7A6BF /* Debug */ = {
			isa = XCBuildConfiguration;
			buildSettings = {
				ASSETCATALOG_COMPILER_APPICON_NAME = AppIcon;
				CLANG_ENABLE_MODULES = YES;
				INFOPLIST_FILE = "SmileLock-Example/Info.plist";
				IPHONEOS_DEPLOYMENT_TARGET = 9.0;
				LD_RUNPATH_SEARCH_PATHS = "$(inherited) @executable_path/Frameworks";
				PRODUCT_BUNDLE_IDENTIFIER = "jp.co.recruit.SmileLock-Example";
				PRODUCT_NAME = "$(TARGET_NAME)";
				SWIFT_OPTIMIZATION_LEVEL = "-Onone";
				SWIFT_VERSION = 3.0;
			};
			name = Debug;
		};
		B7D5D2061E35DD4000B7A6BF /* Release */ = {
			isa = XCBuildConfiguration;
			buildSettings = {
				ASSETCATALOG_COMPILER_APPICON_NAME = AppIcon;
				CLANG_ENABLE_MODULES = YES;
				INFOPLIST_FILE = "SmileLock-Example/Info.plist";
				IPHONEOS_DEPLOYMENT_TARGET = 9.0;
				LD_RUNPATH_SEARCH_PATHS = "$(inherited) @executable_path/Frameworks";
				PRODUCT_BUNDLE_IDENTIFIER = "jp.co.recruit.SmileLock-Example";
				PRODUCT_NAME = "$(TARGET_NAME)";
				SWIFT_VERSION = 3.0;
			};
			name = Release;
		};
		B7D5D2081E35DD4000B7A6BF /* Debug */ = {
			isa = XCBuildConfiguration;
			buildSettings = {
				ALWAYS_EMBED_SWIFT_STANDARD_LIBRARIES = YES;
				BUNDLE_LOADER = "$(TEST_HOST)";
				INFOPLIST_FILE = "SmileLock-ExampleTests/Info.plist";
				LD_RUNPATH_SEARCH_PATHS = "$(inherited) @executable_path/Frameworks @loader_path/Frameworks";
				PRODUCT_BUNDLE_IDENTIFIER = "jp.co.recruit.SmileLock-ExampleTests";
				PRODUCT_NAME = "$(TARGET_NAME)";
				SWIFT_VERSION = 3.0;
				TEST_HOST = "$(BUILT_PRODUCTS_DIR)/SmileLock-Example.app/SmileLock-Example";
			};
			name = Debug;
		};
		B7D5D2091E35DD4000B7A6BF /* Release */ = {
			isa = XCBuildConfiguration;
			buildSettings = {
				ALWAYS_EMBED_SWIFT_STANDARD_LIBRARIES = YES;
				BUNDLE_LOADER = "$(TEST_HOST)";
				INFOPLIST_FILE = "SmileLock-ExampleTests/Info.plist";
				LD_RUNPATH_SEARCH_PATHS = "$(inherited) @executable_path/Frameworks @loader_path/Frameworks";
				PRODUCT_BUNDLE_IDENTIFIER = "jp.co.recruit.SmileLock-ExampleTests";
				PRODUCT_NAME = "$(TARGET_NAME)";
				SWIFT_VERSION = 3.0;
				TEST_HOST = "$(BUILT_PRODUCTS_DIR)/SmileLock-Example.app/SmileLock-Example";
			};
			name = Release;
		};
		B7D5D20B1E35DD4000B7A6BF /* Debug */ = {
			isa = XCBuildConfiguration;
			buildSettings = {
				ALWAYS_EMBED_SWIFT_STANDARD_LIBRARIES = YES;
				INFOPLIST_FILE = "SmileLock-ExampleUITests/Info.plist";
				LD_RUNPATH_SEARCH_PATHS = "$(inherited) @executable_path/Frameworks @loader_path/Frameworks";
				PRODUCT_BUNDLE_IDENTIFIER = "jp.co.recruit.SmileLock-ExampleUITests";
				PRODUCT_NAME = "$(TARGET_NAME)";
				SWIFT_VERSION = 3.0;
				TEST_TARGET_NAME = "SmileLock-Example";
			};
			name = Debug;
		};
		B7D5D20C1E35DD4000B7A6BF /* Release */ = {
			isa = XCBuildConfiguration;
			buildSettings = {
				ALWAYS_EMBED_SWIFT_STANDARD_LIBRARIES = YES;
				INFOPLIST_FILE = "SmileLock-ExampleUITests/Info.plist";
				LD_RUNPATH_SEARCH_PATHS = "$(inherited) @executable_path/Frameworks @loader_path/Frameworks";
				PRODUCT_BUNDLE_IDENTIFIER = "jp.co.recruit.SmileLock-ExampleUITests";
				PRODUCT_NAME = "$(TARGET_NAME)";
				SWIFT_VERSION = 3.0;
				TEST_TARGET_NAME = "SmileLock-Example";
			};
			name = Release;
		};
/* End XCBuildConfiguration section */

/* Begin XCConfigurationList section */
		B7D5D1D71E35DD4000B7A6BF /* Build configuration list for PBXProject "SmileLock-Example" */ = {
			isa = XCConfigurationList;
			buildConfigurations = (
				B7D5D2021E35DD4000B7A6BF /* Debug */,
				B7D5D2031E35DD4000B7A6BF /* Release */,
			);
			defaultConfigurationIsVisible = 0;
			defaultConfigurationName = Release;
		};
		B7D5D2041E35DD4000B7A6BF /* Build configuration list for PBXNativeTarget "SmileLock-Example" */ = {
			isa = XCConfigurationList;
			buildConfigurations = (
				B7D5D2051E35DD4000B7A6BF /* Debug */,
				B7D5D2061E35DD4000B7A6BF /* Release */,
			);
			defaultConfigurationIsVisible = 0;
			defaultConfigurationName = Release;
		};
		B7D5D2071E35DD4000B7A6BF /* Build configuration list for PBXNativeTarget "SmileLock-ExampleTests" */ = {
			isa = XCConfigurationList;
			buildConfigurations = (
				B7D5D2081E35DD4000B7A6BF /* Debug */,
				B7D5D2091E35DD4000B7A6BF /* Release */,
			);
			defaultConfigurationIsVisible = 0;
			defaultConfigurationName = Release;
		};
		B7D5D20A1E35DD4000B7A6BF /* Build configuration list for PBXNativeTarget "SmileLock-ExampleUITests" */ = {
			isa = XCConfigurationList;
			buildConfigurations = (
				B7D5D20B1E35DD4000B7A6BF /* Debug */,
				B7D5D20C1E35DD4000B7A6BF /* Release */,
			);
			defaultConfigurationIsVisible = 0;
			defaultConfigurationName = Release;
		};
/* End XCConfigurationList section */
	};
	rootObject = B7D5D1D41E35DD4000B7A6BF /* Project object */;
}
